// !$*UTF8*$!
{
	archiveVersion = 1;
	classes = {
	};
	objectVersion = 46;
	objects = {

/* Begin PBXBuildFile section */
		8D46B4381F3C0F4F00272D73 /* main.m in Sources */ = {isa = PBXBuildFile; fileRef = 8D46B4371F3C0F4F00272D73 /* main.m */; };
		8D46B43B1F3C0F4F00272D73 /* AppDelegate.m in Sources */ = {isa = PBXBuildFile; fileRef = 8D46B43A1F3C0F4F00272D73 /* AppDelegate.m */; };
		8D46B43E1F3C0F4F00272D73 /* ViewController.m in Sources */ = {isa = PBXBuildFile; fileRef = 8D46B43D1F3C0F4F00272D73 /* ViewController.m */; };
		8D46B4411F3C0F4F00272D73 /* Main.storyboard in Resources */ = {isa = PBXBuildFile; fileRef = 8D46B43F1F3C0F4F00272D73 /* Main.storyboard */; };
		8D46B4431F3C0F4F00272D73 /* Assets.xcassets in Resources */ = {isa = PBXBuildFile; fileRef = 8D46B4421F3C0F4F00272D73 /* Assets.xcassets */; };
		8D46B4461F3C0F4F00272D73 /* LaunchScreen.storyboard in Resources */ = {isa = PBXBuildFile; fileRef = 8D46B4441F3C0F4F00272D73 /* LaunchScreen.storyboard */; };
		8D46B4501F3C25D100272D73 /* WMCalendar.m in Sources */ = {isa = PBXBuildFile; fileRef = 8D46B44F1F3C25D100272D73 /* WMCalendar.m */; };
		8D8EA10B1F42CA9D00D4A301 /* WMCalendarCell.m in Sources */ = {isa = PBXBuildFile; fileRef = 8D8EA10A1F42CA9D00D4A301 /* WMCalendarCell.m */; };
		8D8EA1161F42CCBC00D4A301 /* WMCalendarConstants.m in Sources */ = {isa = PBXBuildFile; fileRef = 8D8EA1151F42CCBC00D4A301 /* WMCalendarConstants.m */; };
		8D8EA1191F42D0A600D4A301 /* WMCalendarAppearance.m in Sources */ = {isa = PBXBuildFile; fileRef = 8D8EA1181F42D0A600D4A301 /* WMCalendarAppearance.m */; };
		8D8EA11C1F42DB2000D4A301 /* WMCalendarWeekdayView.m in Sources */ = {isa = PBXBuildFile; fileRef = 8D8EA11B1F42DB2000D4A301 /* WMCalendarWeekdayView.m */; };
		8D8EA11F1F42DB5900D4A301 /* WMCalendarHeaderView.m in Sources */ = {isa = PBXBuildFile; fileRef = 8D8EA11E1F42DB5900D4A301 /* WMCalendarHeaderView.m */; };
		8D8EA1231F42F5F100D4A301 /* WMCalendarExtensions.m in Sources */ = {isa = PBXBuildFile; fileRef = 8D8EA1221F42F5F100D4A301 /* WMCalendarExtensions.m */; };
		8D8EA1261F42FC6700D4A301 /* WMCalendarDelegationProxy.m in Sources */ = {isa = PBXBuildFile; fileRef = 8D8EA1251F42FC6700D4A301 /* WMCalendarDelegationProxy.m */; };
		8D8EA1291F42FCA100D4A301 /* WMCalendarDelegationFactory.m in Sources */ = {isa = PBXBuildFile; fileRef = 8D8EA1281F42FCA100D4A301 /* WMCalendarDelegationFactory.m */; };
/* End PBXBuildFile section */

/* Begin PBXFileReference section */
		8D46B4331F3C0F4F00272D73 /* WMCalendar.app */ = {isa = PBXFileReference; explicitFileType = wrapper.application; includeInIndex = 0; path = WMCalendar.app; sourceTree = BUILT_PRODUCTS_DIR; };
		8D46B4371F3C0F4F00272D73 /* main.m */ = {isa = PBXFileReference; lastKnownFileType = sourcecode.c.objc; path = main.m; sourceTree = "<group>"; };
		8D46B4391F3C0F4F00272D73 /* AppDelegate.h */ = {isa = PBXFileReference; lastKnownFileType = sourcecode.c.h; path = AppDelegate.h; sourceTree = "<group>"; };
		8D46B43A1F3C0F4F00272D73 /* AppDelegate.m */ = {isa = PBXFileReference; lastKnownFileType = sourcecode.c.objc; path = AppDelegate.m; sourceTree = "<group>"; };
		8D46B43C1F3C0F4F00272D73 /* ViewController.h */ = {isa = PBXFileReference; lastKnownFileType = sourcecode.c.h; path = ViewController.h; sourceTree = "<group>"; };
		8D46B43D1F3C0F4F00272D73 /* ViewController.m */ = {isa = PBXFileReference; lastKnownFileType = sourcecode.c.objc; path = ViewController.m; sourceTree = "<group>"; };
		8D46B4401F3C0F4F00272D73 /* Base */ = {isa = PBXFileReference; lastKnownFileType = file.storyboard; name = Base; path = Base.lproj/Main.storyboard; sourceTree = "<group>"; };
		8D46B4421F3C0F4F00272D73 /* Assets.xcassets */ = {isa = PBXFileReference; lastKnownFileType = folder.assetcatalog; path = Assets.xcassets; sourceTree = "<group>"; };
		8D46B4451F3C0F4F00272D73 /* Base */ = {isa = PBXFileReference; lastKnownFileType = file.storyboard; name = Base; path = Base.lproj/LaunchScreen.storyboard; sourceTree = "<group>"; };
		8D46B4471F3C0F4F00272D73 /* Info.plist */ = {isa = PBXFileReference; lastKnownFileType = text.plist.xml; path = Info.plist; sourceTree = "<group>"; };
		8D46B44E1F3C25D100272D73 /* WMCalendar.h */ = {isa = PBXFileReference; fileEncoding = 4; lastKnownFileType = sourcecode.c.h; name = WMCalendar.h; path = WMCalendar/WMCalendar.h; sourceTree = SOURCE_ROOT; };
		8D46B44F1F3C25D100272D73 /* WMCalendar.m */ = {isa = PBXFileReference; fileEncoding = 4; lastKnownFileType = sourcecode.c.objc; name = WMCalendar.m; path = WMCalendar/WMCalendar.m; sourceTree = SOURCE_ROOT; };
		8D8EA1091F42CA9D00D4A301 /* WMCalendarCell.h */ = {isa = PBXFileReference; fileEncoding = 4; lastKnownFileType = sourcecode.c.h; path = WMCalendarCell.h; sourceTree = "<group>"; };
		8D8EA10A1F42CA9D00D4A301 /* WMCalendarCell.m */ = {isa = PBXFileReference; fileEncoding = 4; lastKnownFileType = sourcecode.c.objc; path = WMCalendarCell.m; sourceTree = "<group>"; };
		8D8EA1141F42CCBC00D4A301 /* WMCalendarConstants.h */ = {isa = PBXFileReference; fileEncoding = 4; lastKnownFileType = sourcecode.c.h; path = WMCalendarConstants.h; sourceTree = "<group>"; };
		8D8EA1151F42CCBC00D4A301 /* WMCalendarConstants.m */ = {isa = PBXFileReference; fileEncoding = 4; lastKnownFileType = sourcecode.c.objc; path = WMCalendarConstants.m; sourceTree = "<group>"; };
		8D8EA1171F42D0A600D4A301 /* WMCalendarAppearance.h */ = {isa = PBXFileReference; fileEncoding = 4; lastKnownFileType = sourcecode.c.h; path = WMCalendarAppearance.h; sourceTree = "<group>"; };
		8D8EA1181F42D0A600D4A301 /* WMCalendarAppearance.m */ = {isa = PBXFileReference; fileEncoding = 4; lastKnownFileType = sourcecode.c.objc; path = WMCalendarAppearance.m; sourceTree = "<group>"; };
		8D8EA11A1F42DB2000D4A301 /* WMCalendarWeekdayView.h */ = {isa = PBXFileReference; fileEncoding = 4; lastKnownFileType = sourcecode.c.h; path = WMCalendarWeekdayView.h; sourceTree = "<group>"; };
		8D8EA11B1F42DB2000D4A301 /* WMCalendarWeekdayView.m */ = {isa = PBXFileReference; fileEncoding = 4; lastKnownFileType = sourcecode.c.objc; path = WMCalendarWeekdayView.m; sourceTree = "<group>"; };
		8D8EA11D1F42DB5900D4A301 /* WMCalendarHeaderView.h */ = {isa = PBXFileReference; fileEncoding = 4; lastKnownFileType = sourcecode.c.h; path = WMCalendarHeaderView.h; sourceTree = "<group>"; };
		8D8EA11E1F42DB5900D4A301 /* WMCalendarHeaderView.m */ = {isa = PBXFileReference; fileEncoding = 4; lastKnownFileType = sourcecode.c.objc; path = WMCalendarHeaderView.m; sourceTree = "<group>"; };
		8D8EA1201F42E77200D4A301 /* WMCalendarDynamicHeader.h */ = {isa = PBXFileReference; lastKnownFileType = sourcecode.c.h; path = WMCalendarDynamicHeader.h; sourceTree = "<group>"; };
		8D8EA1211F42F5F100D4A301 /* WMCalendarExtensions.h */ = {isa = PBXFileReference; fileEncoding = 4; lastKnownFileType = sourcecode.c.h; path = WMCalendarExtensions.h; sourceTree = "<group>"; };
		8D8EA1221F42F5F100D4A301 /* WMCalendarExtensions.m */ = {isa = PBXFileReference; fileEncoding = 4; lastKnownFileType = sourcecode.c.objc; path = WMCalendarExtensions.m; sourceTree = "<group>"; };
		8D8EA1241F42FC6700D4A301 /* WMCalendarDelegationProxy.h */ = {isa = PBXFileReference; fileEncoding = 4; lastKnownFileType = sourcecode.c.h; path = WMCalendarDelegationProxy.h; sourceTree = "<group>"; };
		8D8EA1251F42FC6700D4A301 /* WMCalendarDelegationProxy.m */ = {isa = PBXFileReference; fileEncoding = 4; lastKnownFileType = sourcecode.c.objc; path = WMCalendarDelegationProxy.m; sourceTree = "<group>"; };
		8D8EA1271F42FCA100D4A301 /* WMCalendarDelegationFactory.h */ = {isa = PBXFileReference; fileEncoding = 4; lastKnownFileType = sourcecode.c.h; path = WMCalendarDelegationFactory.h; sourceTree = "<group>"; };
		8D8EA1281F42FCA100D4A301 /* WMCalendarDelegationFactory.m */ = {isa = PBXFileReference; fileEncoding = 4; lastKnownFileType = sourcecode.c.objc; path = WMCalendarDelegationFactory.m; sourceTree = "<group>"; };
/* End PBXFileReference section */

/* Begin PBXFrameworksBuildPhase section */
		8D46B4301F3C0F4F00272D73 /* Frameworks */ = {
			isa = PBXFrameworksBuildPhase;
			buildActionMask = 2147483647;
			files = (
			);
			runOnlyForDeploymentPostprocessing = 0;
		};
/* End PBXFrameworksBuildPhase section */

/* Begin PBXGroup section */
		8D46B42A1F3C0F4E00272D73 = {
			isa = PBXGroup;
			children = (
				8D46B4351F3C0F4F00272D73 /* WMCalendar */,
				8D46B4341F3C0F4F00272D73 /* Products */,
			);
			sourceTree = "<group>";
		};
		8D46B4341F3C0F4F00272D73 /* Products */ = {
			isa = PBXGroup;
			children = (
				8D46B4331F3C0F4F00272D73 /* WMCalendar.app */,
			);
			name = Products;
			sourceTree = "<group>";
		};
		8D46B4351F3C0F4F00272D73 /* WMCalendar */ = {
			isa = PBXGroup;
			children = (
				8D46B44D1F3C23D000272D73 /* WMCalendar */,
				8D46B4391F3C0F4F00272D73 /* AppDelegate.h */,
				8D46B43A1F3C0F4F00272D73 /* AppDelegate.m */,
				8D46B43C1F3C0F4F00272D73 /* ViewController.h */,
				8D46B43D1F3C0F4F00272D73 /* ViewController.m */,
				8D46B43F1F3C0F4F00272D73 /* Main.storyboard */,
				8D46B4421F3C0F4F00272D73 /* Assets.xcassets */,
				8D46B4441F3C0F4F00272D73 /* LaunchScreen.storyboard */,
				8D46B4471F3C0F4F00272D73 /* Info.plist */,
				8D46B4361F3C0F4F00272D73 /* Supporting Files */,
			);
			path = WMCalendar;
			sourceTree = "<group>";
		};
		8D46B4361F3C0F4F00272D73 /* Supporting Files */ = {
			isa = PBXGroup;
			children = (
				8D46B4371F3C0F4F00272D73 /* main.m */,
			);
			name = "Supporting Files";
			sourceTree = "<group>";
		};
		8D46B44D1F3C23D000272D73 /* WMCalendar */ = {
			isa = PBXGroup;
			children = (
				8D46B44E1F3C25D100272D73 /* WMCalendar.h */,
				8D46B44F1F3C25D100272D73 /* WMCalendar.m */,
				8D8EA1091F42CA9D00D4A301 /* WMCalendarCell.h */,
				8D8EA10A1F42CA9D00D4A301 /* WMCalendarCell.m */,
				8D8EA1141F42CCBC00D4A301 /* WMCalendarConstants.h */,
				8D8EA1151F42CCBC00D4A301 /* WMCalendarConstants.m */,
				8D8EA1171F42D0A600D4A301 /* WMCalendarAppearance.h */,
				8D8EA1181F42D0A600D4A301 /* WMCalendarAppearance.m */,
				8D8EA11A1F42DB2000D4A301 /* WMCalendarWeekdayView.h */,
				8D8EA11B1F42DB2000D4A301 /* WMCalendarWeekdayView.m */,
				8D8EA11D1F42DB5900D4A301 /* WMCalendarHeaderView.h */,
				8D8EA11E1F42DB5900D4A301 /* WMCalendarHeaderView.m */,
				8D8EA1201F42E77200D4A301 /* WMCalendarDynamicHeader.h */,
				8D8EA1211F42F5F100D4A301 /* WMCalendarExtensions.h */,
				8D8EA1221F42F5F100D4A301 /* WMCalendarExtensions.m */,
				8D8EA1241F42FC6700D4A301 /* WMCalendarDelegationProxy.h */,
				8D8EA1251F42FC6700D4A301 /* WMCalendarDelegationProxy.m */,
				8D8EA1271F42FCA100D4A301 /* WMCalendarDelegationFactory.h */,
				8D8EA1281F42FCA100D4A301 /* WMCalendarDelegationFactory.m */,
			);
			path = WMCalendar;
			sourceTree = "<group>";
		};
/* End PBXGroup section */

/* Begin PBXNativeTarget section */
		8D46B4321F3C0F4F00272D73 /* WMCalendar */ = {
			isa = PBXNativeTarget;
			buildConfigurationList = 8D46B44A1F3C0F4F00272D73 /* Build configuration list for PBXNativeTarget "WMCalendar" */;
			buildPhases = (
				8D46B42F1F3C0F4F00272D73 /* Sources */,
				8D46B4301F3C0F4F00272D73 /* Frameworks */,
				8D46B4311F3C0F4F00272D73 /* Resources */,
			);
			buildRules = (
			);
			dependencies = (
			);
			name = WMCalendar;
			productName = WMCalendar;
			productReference = 8D46B4331F3C0F4F00272D73 /* WMCalendar.app */;
			productType = "com.apple.product-type.application";
		};
/* End PBXNativeTarget section */

/* Begin PBXProject section */
		8D46B42B1F3C0F4E00272D73 /* Project object */ = {
			isa = PBXProject;
			attributes = {
				LastUpgradeCheck = 0830;
				ORGANIZATIONNAME = WU;
				TargetAttributes = {
					8D46B4321F3C0F4F00272D73 = {
						CreatedOnToolsVersion = 8.3.2;
						DevelopmentTeam = JY8J5UH6QC;
						ProvisioningStyle = Automatic;
					};
				};
			};
			buildConfigurationList = 8D46B42E1F3C0F4E00272D73 /* Build configuration list for PBXProject "WMCalendar" */;
			compatibilityVersion = "Xcode 3.2";
			developmentRegion = English;
			hasScannedForEncodings = 0;
			knownRegions = (
				en,
				Base,
			);
			mainGroup = 8D46B42A1F3C0F4E00272D73;
			productRefGroup = 8D46B4341F3C0F4F00272D73 /* Products */;
			projectDirPath = "";
			projectRoot = "";
			targets = (
				8D46B4321F3C0F4F00272D73 /* WMCalendar */,
			);
		};
/* End PBXProject section */

/* Begin PBXResourcesBuildPhase section */
		8D46B4311F3C0F4F00272D73 /* Resources */ = {
			isa = PBXResourcesBuildPhase;
			buildActionMask = 2147483647;
			files = (
				8D46B4461F3C0F4F00272D73 /* LaunchScreen.storyboard in Resources */,
				8D46B4431F3C0F4F00272D73 /* Assets.xcassets in Resources */,
				8D46B4411F3C0F4F00272D73 /* Main.storyboard in Resources */,
			);
			runOnlyForDeploymentPostprocessing = 0;
		};
/* End PBXResourcesBuildPhase section */

/* Begin PBXSourcesBuildPhase section */
		8D46B42F1F3C0F4F00272D73 /* Sources */ = {
			isa = PBXSourcesBuildPhase;
			buildActionMask = 2147483647;
			files = (
				8D8EA1161F42CCBC00D4A301 /* WMCalendarConstants.m in Sources */,
				8D8EA1191F42D0A600D4A301 /* WMCalendarAppearance.m in Sources */,
				8D46B43E1F3C0F4F00272D73 /* ViewController.m in Sources */,
				8D8EA10B1F42CA9D00D4A301 /* WMCalendarCell.m in Sources */,
				8D46B4501F3C25D100272D73 /* WMCalendar.m in Sources */,
				8D8EA11C1F42DB2000D4A301 /* WMCalendarWeekdayView.m in Sources */,
				8D8EA1291F42FCA100D4A301 /* WMCalendarDelegationFactory.m in Sources */,
				8D46B43B1F3C0F4F00272D73 /* AppDelegate.m in Sources */,
				8D8EA1231F42F5F100D4A301 /* WMCalendarExtensions.m in Sources */,
				8D46B4381F3C0F4F00272D73 /* main.m in Sources */,
				8D8EA1261F42FC6700D4A301 /* WMCalendarDelegationProxy.m in Sources */,
				8D8EA11F1F42DB5900D4A301 /* WMCalendarHeaderView.m in Sources */,
			);
			runOnlyForDeploymentPostprocessing = 0;
		};
/* End PBXSourcesBuildPhase section */

/* Begin PBXVariantGroup section */
		8D46B43F1F3C0F4F00272D73 /* Main.storyboard */ = {
			isa = PBXVariantGroup;
			children = (
				8D46B4401F3C0F4F00272D73 /* Base */,
			);
			name = Main.storyboard;
			sourceTree = "<group>";
		};
		8D46B4441F3C0F4F00272D73 /* LaunchScreen.storyboard */ = {
			isa = PBXVariantGroup;
			children = (
				8D46B4451F3C0F4F00272D73 /* Base */,
			);
			name = LaunchScreen.storyboard;
			sourceTree = "<group>";
		};
/* End PBXVariantGroup section */

/* Begin XCBuildConfiguration section */
		8D46B4481F3C0F4F00272D73 /* Debug */ = {
			isa = XCBuildConfiguration;
			buildSettings = {
				ALWAYS_SEARCH_USER_PATHS = NO;
				CLANG_ANALYZER_NONNULL = YES;
				CLANG_ANALYZER_NUMBER_OBJECT_CONVERSION = YES_AGGRESSIVE;
				CLANG_CXX_LANGUAGE_STANDARD = "gnu++0x";
				CLANG_CXX_LIBRARY = "libc++";
				CLANG_ENABLE_MODULES = YES;
				CLANG_ENABLE_OBJC_ARC = YES;
				CLANG_WARN_BOOL_CONVERSION = YES;
				CLANG_WARN_CONSTANT_CONVERSION = YES;
				CLANG_WARN_DIRECT_OBJC_ISA_USAGE = YES_ERROR;
				CLANG_WARN_DOCUMENTATION_COMMENTS = YES;
				CLANG_WARN_EMPTY_BODY = YES;
				CLANG_WARN_ENUM_CONVERSION = YES;
				CLANG_WARN_INFINITE_RECURSION = YES;
				CLANG_WARN_INT_CONVERSION = YES;
				CLANG_WARN_OBJC_ROOT_CLASS = YES_ERROR;
				CLANG_WARN_SUSPICIOUS_MOVE = YES;
				CLANG_WARN_UNREACHABLE_CODE = YES;
				CLANG_WARN__DUPLICATE_METHOD_MATCH = YES;
				"CODE_SIGN_IDENTITY[sdk=iphoneos*]" = "iPhone Developer";
				COPY_PHASE_STRIP = NO;
				DEBUG_INFORMATION_FORMAT = dwarf;
				ENABLE_STRICT_OBJC_MSGSEND = YES;
				ENABLE_TESTABILITY = YES;
				GCC_C_LANGUAGE_STANDARD = gnu99;
				GCC_DYNAMIC_NO_PIC = NO;
				GCC_NO_COMMON_BLOCKS = YES;
				GCC_OPTIMIZATION_LEVEL = 0;
				GCC_PREPROCESSOR_DEFINITIONS = (
					"DEBUG=1",
					"$(inherited)",
				);
				GCC_WARN_64_TO_32_BIT_CONVERSION = YES;
				GCC_WARN_ABOUT_RETURN_TYPE = YES_ERROR;
				GCC_WARN_UNDECLARED_SELECTOR = YES;
				GCC_WARN_UNINITIALIZED_AUTOS = YES_AGGRESSIVE;
				GCC_WARN_UNUSED_FUNCTION = YES;
				GCC_WARN_UNUSED_VARIABLE = YES;
				IPHONEOS_DEPLOYMENT_TARGET = 10.3;
				MTL_ENABLE_DEBUG_INFO = YES;
				ONLY_ACTIVE_ARCH = YES;
				SDKROOT = iphoneos;
				TARGETED_DEVICE_FAMILY = "1,2";
			};
			name = Debug;
		};
		8D46B4491F3C0F4F00272D73 /* Release */ = {
			isa = XCBuildConfiguration;
			buildSettings = {
				ALWAYS_SEARCH_USER_PATHS = NO;
				CLANG_ANALYZER_NONNULL = YES;
				CLANG_ANALYZER_NUMBER_OBJECT_CONVERSION = YES_AGGRESSIVE;
				CLANG_CXX_LANGUAGE_STANDARD = "gnu++0x";
				CLANG_CXX_LIBRARY = "libc++";
				CLANG_ENABLE_MODULES = YES;
				CLANG_ENABLE_OBJC_ARC = YES;
				CLANG_WARN_BOOL_CONVERSION = YES;
				CLANG_WARN_CONSTANT_CONVERSION = YES;
				CLANG_WARN_DIRECT_OBJC_ISA_USAGE = YES_ERROR;
				CLANG_WARN_DOCUMENTATION_COMMENTS = YES;
				CLANG_WARN_EMPTY_BODY = YES;
				CLANG_WARN_ENUM_CONVERSION = YES;
				CLANG_WARN_INFINITE_RECURSION = YES;
				CLANG_WARN_INT_CONVERSION = YES;
				CLANG_WARN_OBJC_ROOT_CLASS = YES_ERROR;
				CLANG_WARN_SUSPICIOUS_MOVE = YES;
				CLANG_WARN_UNREACHABLE_CODE = YES;
				CLANG_WARN__DUPLICATE_METHOD_MATCH = YES;
				"CODE_SIGN_IDENTITY[sdk=iphoneos*]" = "iPhone Developer";
				COPY_PHASE_STRIP = NO;
				DEBUG_INFORMATION_FORMAT = "dwarf-with-dsym";
				ENABLE_NS_ASSERTIONS = NO;
				ENABLE_STRICT_OBJC_MSGSEND = YES;
				GCC_C_LANGUAGE_STANDARD = gnu99;
				GCC_NO_COMMON_BLOCKS = YES;
				GCC_WARN_64_TO_32_BIT_CONVERSION = YES;
				GCC_WARN_ABOUT_RETURN_TYPE = YES_ERROR;
				GCC_WARN_UNDECLARED_SELECTOR = YES;
				GCC_WARN_UNINITIALIZED_AUTOS = YES_AGGRESSIVE;
				GCC_WARN_UNUSED_FUNCTION = YES;
				GCC_WARN_UNUSED_VARIABLE = YES;
				IPHONEOS_DEPLOYMENT_TARGET = 10.3;
				MTL_ENABLE_DEBUG_INFO = NO;
				SDKROOT = iphoneos;
				TARGETED_DEVICE_FAMILY = "1,2";
				VALIDATE_PRODUCT = YES;
			};
			name = Release;
		};
		8D46B44B1F3C0F4F00272D73 /* Debug */ = {
			isa = XCBuildConfiguration;
			buildSettings = {
				ASSETCATALOG_COMPILER_APPICON_NAME = AppIcon;
				DEVELOPMENT_TEAM = JY8J5UH6QC;
				INFOPLIST_FILE = WMCalendar/Info.plist;
				IPHONEOS_DEPLOYMENT_TARGET = 10.0;
				LD_RUNPATH_SEARCH_PATHS = "$(inherited) @executable_path/Frameworks";
				PRODUCT_BUNDLE_IDENTIFIER = com.zskj.WMCalendar;
				PRODUCT_NAME = "$(TARGET_NAME)";
			};
			name = Debug;
		};
		8D46B44C1F3C0F4F00272D73 /* Release */ = {
			isa = XCBuildConfiguration;
			buildSettings = {
				ASSETCATALOG_COMPILER_APPICON_NAME = AppIcon;
				DEVELOPMENT_TEAM = JY8J5UH6QC;
				INFOPLIST_FILE = WMCalendar/Info.plist;
				IPHONEOS_DEPLOYMENT_TARGET = 10.0;
				LD_RUNPATH_SEARCH_PATHS = "$(inherited) @executable_path/Frameworks";
				PRODUCT_BUNDLE_IDENTIFIER = com.zskj.WMCalendar;
				PRODUCT_NAME = "$(TARGET_NAME)";
			};
			name = Release;
		};
/* End XCBuildConfiguration section */

/* Begin XCConfigurationList section */
		8D46B42E1F3C0F4E00272D73 /* Build configuration list for PBXProject "WMCalendar" */ = {
			isa = XCConfigurationList;
			buildConfigurations = (
				8D46B4481F3C0F4F00272D73 /* Debug */,
				8D46B4491F3C0F4F00272D73 /* Release */,
			);
			defaultConfigurationIsVisible = 0;
			defaultConfigurationName = Release;
		};
		8D46B44A1F3C0F4F00272D73 /* Build configuration list for PBXNativeTarget "WMCalendar" */ = {
			isa = XCConfigurationList;
			buildConfigurations = (
				8D46B44B1F3C0F4F00272D73 /* Debug */,
				8D46B44C1F3C0F4F00272D73 /* Release */,
			);
			defaultConfigurationIsVisible = 0;
			defaultConfigurationName = Release;
		};
/* End XCConfigurationList section */
	};
	rootObject = 8D46B42B1F3C0F4E00272D73 /* Project object */;
}
